
Microsoft Visual Studio Solution File, Format Version 12.00
# Visual Studio Version 17
VisualStudioVersion = 17.10.35122.118
MinimumVisualStudioVersion = 10.0.40219.1
Project("{2150E333-8FDC-42A3-9474-1A3956D46DE8}") = "Services", "Services", "{D6FF27FE-C864-4BA5-BCD4-927DA54DD82B}"
EndProject
Project("{2150E333-8FDC-42A3-9474-1A3956D46DE8}") = "Catalog", "Catalog", "{F41FF509-AA47-4FDB-970B-7DCB17E2326C}"
EndProject
Project("{9A19103F-16F7-4668-BE54-9A1E7A4F7556}") = "CatalogAPI", "Services\Catalog\CatalogAPI\CatalogAPI\CatalogAPI.csproj", "{39662B9F-BA29-4B37-95DB-B42E4DD58C89}"
EndProject
Project("{2150E333-8FDC-42A3-9474-1A3956D46DE8}") = "BuildingBlocks", "BuildingBlocks", "{81C247D0-AFEA-4DE0-8D48-A529475BA971}"
EndProject
Project("{9A19103F-16F7-4668-BE54-9A1E7A4F7556}") = "BuildingBlocks", "BuildingBlocks\BuildingBlocks\BuildingBlocks.csproj", "{3B2E66AE-D560-43FF-8E1F-617EF2B45421}"
EndProject
Project("{E53339B2-1760-4266-BCC7-CA923CBCF16C}") = "docker-compose", "docker-compose.dcproj", "{17D5AB5A-6B01-4C33-AB95-BFBCE8D4C17A}"
EndProject
Project("{2150E333-8FDC-42A3-9474-1A3956D46DE8}") = "Basket", "Basket", "{C1AC18B7-ADDF-4B00-98B3-65A2551B3C43}"
EndProject
Project("{9A19103F-16F7-4668-BE54-9A1E7A4F7556}") = "Basket.API", "Services\Basket\Basket.API\Basket.API.csproj", "{13D96F6D-1AB1-41B5-B367-B7419C4DA48F}"
EndProject
Project("{2150E333-8FDC-42A3-9474-1A3956D46DE8}") = "Discount", "Discount", "{C3AEEB4E-C632-46AC-9F55-0FC8F0F62FF5}"
EndProject
Project("{9A19103F-16F7-4668-BE54-9A1E7A4F7556}") = "Discount.Grpc", "Services\Discount\Discount.Grpc\Discount.Grpc.csproj", "{82B52974-D0FD-49FC-B920-2E3B44E484F5}"
EndProject
Project("{2150E333-8FDC-42A3-9474-1A3956D46DE8}") = "Ordering", "Ordering", "{9DC59926-CFCD-4F8E-9381-007FED8CD37C}"
EndProject
Project("{9A19103F-16F7-4668-BE54-9A1E7A4F7556}") = "Ordering.API", "Services\Ordering\Ordering.API\Ordering.API.csproj", "{5E748DB8-63C5-4D0F-BFD5-8A1585B92766}"
EndProject
Project("{9A19103F-16F7-4668-BE54-9A1E7A4F7556}") = "Ordering.Domain", "Services\Ordering\Ordering.Domain\Ordering.Domain.csproj", "{D3FA383D-7E28-4C86-A397-DABD2C442E38}"
EndProject
Project("{9A19103F-16F7-4668-BE54-9A1E7A4F7556}") = "Ordering.Application", "Services\Ordering\Ordering.Application\Ordering.Application.csproj", "{0FBBE3BB-85A0-44CC-B385-46454D93739E}"
EndProject
Project("{9A19103F-16F7-4668-BE54-9A1E7A4F7556}") = "Ordering.Infrastructure", "Services\Ordering\Ordering.Infrastructure\Ordering.Infrastructure.csproj", "{63C71389-05C4-4DF0-99C1-0AC8C5ABED0A}"
EndProject
Project("{9A19103F-16F7-4668-BE54-9A1E7A4F7556}") = "BuildingBlocks.Messaging", "BuildingBlocks\BuildingBlocks.Messaging\BuildingBlocks.Messaging.csproj", "{0C0473EE-2789-42ED-BD2D-CABC49D2EA65}"
EndProject
Project("{2150E333-8FDC-42A3-9474-1A3956D46DE8}") = "ApiGateways", "ApiGateways", "{0BDC42DE-D3FD-422B-A14F-F38AE709FA9C}"
EndProject
Project("{FAE04EC0-301F-11D3-BF4B-00C04F79EFBC}") = "YarpApiGateway", "ApiGateways\YarpApiGateways\YarpApiGateway.csproj", "{5024CA25-04BE-48E9-BF66-5F2ACAF3A29E}"
EndProject
Global
	GlobalSection(SolutionConfigurationPlatforms) = preSolution
		Debug|Any CPU = Debug|Any CPU
		Release|Any CPU = Release|Any CPU
	EndGlobalSection
	GlobalSection(ProjectConfigurationPlatforms) = postSolution
		{39662B9F-BA29-4B37-95DB-B42E4DD58C89}.Debug|Any CPU.ActiveCfg = Debug|Any CPU
		{39662B9F-BA29-4B37-95DB-B42E4DD58C89}.Debug|Any CPU.Build.0 = Debug|Any CPU
		{39662B9F-BA29-4B37-95DB-B42E4DD58C89}.Release|Any CPU.ActiveCfg = Release|Any CPU
		{39662B9F-BA29-4B37-95DB-B42E4DD58C89}.Release|Any CPU.Build.0 = Release|Any CPU
		{3B2E66AE-D560-43FF-8E1F-617EF2B45421}.Debug|Any CPU.ActiveCfg = Debug|Any CPU
		{3B2E66AE-D560-43FF-8E1F-617EF2B45421}.Debug|Any CPU.Build.0 = Debug|Any CPU
		{3B2E66AE-D560-43FF-8E1F-617EF2B45421}.Release|Any CPU.ActiveCfg = Release|Any CPU
		{3B2E66AE-D560-43FF-8E1F-617EF2B45421}.Release|Any CPU.Build.0 = Release|Any CPU
		{17D5AB5A-6B01-4C33-AB95-BFBCE8D4C17A}.Debug|Any CPU.ActiveCfg = Debug|Any CPU
		{17D5AB5A-6B01-4C33-AB95-BFBCE8D4C17A}.Debug|Any CPU.Build.0 = Debug|Any CPU
		{17D5AB5A-6B01-4C33-AB95-BFBCE8D4C17A}.Release|Any CPU.ActiveCfg = Release|Any CPU
		{17D5AB5A-6B01-4C33-AB95-BFBCE8D4C17A}.Release|Any CPU.Build.0 = Release|Any CPU
		{13D96F6D-1AB1-41B5-B367-B7419C4DA48F}.Debug|Any CPU.ActiveCfg = Debug|Any CPU
		{13D96F6D-1AB1-41B5-B367-B7419C4DA48F}.Debug|Any CPU.Build.0 = Debug|Any CPU
		{13D96F6D-1AB1-41B5-B367-B7419C4DA48F}.Release|Any CPU.ActiveCfg = Release|Any CPU
		{13D96F6D-1AB1-41B5-B367-B7419C4DA48F}.Release|Any CPU.Build.0 = Release|Any CPU
		{82B52974-D0FD-49FC-B920-2E3B44E484F5}.Debug|Any CPU.ActiveCfg = Debug|Any CPU
		{82B52974-D0FD-49FC-B920-2E3B44E484F5}.Debug|Any CPU.Build.0 = Debug|Any CPU
		{82B52974-D0FD-49FC-B920-2E3B44E484F5}.Release|Any CPU.ActiveCfg = Release|Any CPU
		{82B52974-D0FD-49FC-B920-2E3B44E484F5}.Release|Any CPU.Build.0 = Release|Any CPU
		{5E748DB8-63C5-4D0F-BFD5-8A1585B92766}.Debug|Any CPU.ActiveCfg = Debug|Any CPU
		{5E748DB8-63C5-4D0F-BFD5-8A1585B92766}.Debug|Any CPU.Build.0 = Debug|Any CPU
		{5E748DB8-63C5-4D0F-BFD5-8A1585B92766}.Release|Any CPU.ActiveCfg = Release|Any CPU
		{5E748DB8-63C5-4D0F-BFD5-8A1585B92766}.Release|Any CPU.Build.0 = Release|Any CPU
		{D3FA383D-7E28-4C86-A397-DABD2C442E38}.Debug|Any CPU.ActiveCfg = Debug|Any CPU
		{D3FA383D-7E28-4C86-A397-DABD2C442E38}.Debug|Any CPU.Build.0 = Debug|Any CPU
		{D3FA383D-7E28-4C86-A397-DABD2C442E38}.Release|Any CPU.ActiveCfg = Release|Any CPU
		{D3FA383D-7E28-4C86-A397-DABD2C442E38}.Release|Any CPU.Build.0 = Release|Any CPU
		{0FBBE3BB-85A0-44CC-B385-46454D93739E}.Debug|Any CPU.ActiveCfg = Debug|Any CPU
		{0FBBE3BB-85A0-44CC-B385-46454D93739E}.Debug|Any CPU.Build.0 = Debug|Any CPU
		{0FBBE3BB-85A0-44CC-B385-46454D93739E}.Release|Any CPU.ActiveCfg = Release|Any CPU
		{0FBBE3BB-85A0-44CC-B385-46454D93739E}.Release|Any CPU.Build.0 = Release|Any CPU
		{63C71389-05C4-4DF0-99C1-0AC8C5ABED0A}.Debug|Any CPU.ActiveCfg = Debug|Any CPU
		{63C71389-05C4-4DF0-99C1-0AC8C5ABED0A}.Debug|Any CPU.Build.0 = Debug|Any CPU
		{63C71389-05C4-4DF0-99C1-0AC8C5ABED0A}.Release|Any CPU.ActiveCfg = Release|Any CPU
		{63C71389-05C4-4DF0-99C1-0AC8C5ABED0A}.Release|Any CPU.Build.0 = Release|Any CPU
		{0C0473EE-2789-42ED-BD2D-CABC49D2EA65}.Debug|Any CPU.ActiveCfg = Debug|Any CPU
		{0C0473EE-2789-42ED-BD2D-CABC49D2EA65}.Debug|Any CPU.Build.0 = Debug|Any CPU
		{0C0473EE-2789-42ED-BD2D-CABC49D2EA65}.Release|Any CPU.ActiveCfg = Release|Any CPU
		{0C0473EE-2789-42ED-BD2D-CABC49D2EA65}.Release|Any CPU.Build.0 = Release|Any CPU
		{5024CA25-04BE-48E9-BF66-5F2ACAF3A29E}.Debug|Any CPU.ActiveCfg = Debug|Any CPU
		{5024CA25-04BE-48E9-BF66-5F2ACAF3A29E}.Debug|Any CPU.Build.0 = Debug|Any CPU
		{5024CA25-04BE-48E9-BF66-5F2ACAF3A29E}.Release|Any CPU.ActiveCfg = Release|Any CPU
		{5024CA25-04BE-48E9-BF66-5F2ACAF3A29E}.Release|Any CPU.Build.0 = Release|Any CPU
	EndGlobalSection
	GlobalSection(SolutionProperties) = preSolution
		HideSolutionNode = FALSE
	EndGlobalSection
	GlobalSection(NestedProjects) = preSolution
		{F41FF509-AA47-4FDB-970B-7DCB17E2326C} = {D6FF27FE-C864-4BA5-BCD4-927DA54DD82B}
		{39662B9F-BA29-4B37-95DB-B42E4DD58C89} = {F41FF509-AA47-4FDB-970B-7DCB17E2326C}
		{3B2E66AE-D560-43FF-8E1F-617EF2B45421} = {81C247D0-AFEA-4DE0-8D48-A529475BA971}
		{C1AC18B7-ADDF-4B00-98B3-65A2551B3C43} = {D6FF27FE-C864-4BA5-BCD4-927DA54DD82B}
		{13D96F6D-1AB1-41B5-B367-B7419C4DA48F} = {C1AC18B7-ADDF-4B00-98B3-65A2551B3C43}
		{C3AEEB4E-C632-46AC-9F55-0FC8F0F62FF5} = {D6FF27FE-C864-4BA5-BCD4-927DA54DD82B}
		{82B52974-D0FD-49FC-B920-2E3B44E484F5} = {C3AEEB4E-C632-46AC-9F55-0FC8F0F62FF5}
		{9DC59926-CFCD-4F8E-9381-007FED8CD37C} = {D6FF27FE-C864-4BA5-BCD4-927DA54DD82B}
		{5E748DB8-63C5-4D0F-BFD5-8A1585B92766} = {9DC59926-CFCD-4F8E-9381-007FED8CD37C}
		{D3FA383D-7E28-4C86-A397-DABD2C442E38} = {9DC59926-CFCD-4F8E-9381-007FED8CD37C}
		{0FBBE3BB-85A0-44CC-B385-46454D93739E} = {9DC59926-CFCD-4F8E-9381-007FED8CD37C}
		{63C71389-05C4-4DF0-99C1-0AC8C5ABED0A} = {9DC59926-CFCD-4F8E-9381-007FED8CD37C}
		{0C0473EE-2789-42ED-BD2D-CABC49D2EA65} = {81C247D0-AFEA-4DE0-8D48-A529475BA971}
		{5024CA25-04BE-48E9-BF66-5F2ACAF3A29E} = {0BDC42DE-D3FD-422B-A14F-F38AE709FA9C}
	EndGlobalSection
	GlobalSection(ExtensibilityGlobals) = postSolution
		SolutionGuid = {7D3DF133-8BC0-44DB-B175-8C630CF2C9ED}
	EndGlobalSection
EndGlobal
